// !$*UTF8*$!
{
	archiveVersion = 1;
	classes = {
	};
	objectVersion = 50;
	objects = {

/* Begin PBXBuildFile section */
		890827062686FBA600A8E288 /* AppDelegate.swift in Sources */ = {isa = PBXBuildFile; fileRef = 890827052686FBA600A8E288 /* AppDelegate.swift */; };
		890827082686FBA600A8E288 /* SceneDelegate.swift in Sources */ = {isa = PBXBuildFile; fileRef = 890827072686FBA600A8E288 /* SceneDelegate.swift */; };
		8908270A2686FBA600A8E288 /* ContentView.swift in Sources */ = {isa = PBXBuildFile; fileRef = 890827092686FBA600A8E288 /* ContentView.swift */; };
		8908270C2686FBA700A8E288 /* Assets.xcassets in Resources */ = {isa = PBXBuildFile; fileRef = 8908270B2686FBA700A8E288 /* Assets.xcassets */; };
		8908270F2686FBA700A8E288 /* Preview Assets.xcassets in Resources */ = {isa = PBXBuildFile; fileRef = 8908270E2686FBA700A8E288 /* Preview Assets.xcassets */; };
		890827122686FBA700A8E288 /* LaunchScreen.storyboard in Resources */ = {isa = PBXBuildFile; fileRef = 890827102686FBA700A8E288 /* LaunchScreen.storyboard */; };
		8980781C2688D532001EBACB /* MemoryGame.swift in Sources */ = {isa = PBXBuildFile; fileRef = 8980781B2688D532001EBACB /* MemoryGame.swift */; };
		8980781E2688D7A9001EBACB /* EmojiMemoryGame.swift in Sources */ = {isa = PBXBuildFile; fileRef = 8980781D2688D7A9001EBACB /* EmojiMemoryGame.swift */; };
		89836CDC268C051700F1AAFE /* MemorizeApp.swift in Sources */ = {isa = PBXBuildFile; fileRef = 89836CDB268C051700F1AAFE /* MemorizeApp.swift */; };
/* End PBXBuildFile section */

/* Begin PBXFileReference section */
		890827022686FBA600A8E288 /* SwiftUI-Stanford-2021.app */ = {isa = PBXFileReference; explicitFileType = wrapper.application; includeInIndex = 0; path = "SwiftUI-Stanford-2021.app"; sourceTree = BUILT_PRODUCTS_DIR; };
		890827052686FBA600A8E288 /* AppDelegate.swift */ = {isa = PBXFileReference; lastKnownFileType = sourcecode.swift; path = AppDelegate.swift; sourceTree = "<group>"; };
		890827072686FBA600A8E288 /* SceneDelegate.swift */ = {isa = PBXFileReference; lastKnownFileType = sourcecode.swift; path = SceneDelegate.swift; sourceTree = "<group>"; };
		890827092686FBA600A8E288 /* ContentView.swift */ = {isa = PBXFileReference; lastKnownFileType = sourcecode.swift; path = ContentView.swift; sourceTree = "<group>"; };
		8908270B2686FBA700A8E288 /* Assets.xcassets */ = {isa = PBXFileReference; lastKnownFileType = folder.assetcatalog; path = Assets.xcassets; sourceTree = "<group>"; };
		8908270E2686FBA700A8E288 /* Preview Assets.xcassets */ = {isa = PBXFileReference; lastKnownFileType = folder.assetcatalog; path = "Preview Assets.xcassets"; sourceTree = "<group>"; };
		890827112686FBA700A8E288 /* Base */ = {isa = PBXFileReference; lastKnownFileType = file.storyboard; name = Base; path = Base.lproj/LaunchScreen.storyboard; sourceTree = "<group>"; };
		890827132686FBA700A8E288 /* Info.plist */ = {isa = PBXFileReference; lastKnownFileType = text.plist.xml; path = Info.plist; sourceTree = "<group>"; };
		8980781B2688D532001EBACB /* MemoryGame.swift */ = {isa = PBXFileReference; lastKnownFileType = sourcecode.swift; path = MemoryGame.swift; sourceTree = "<group>"; };
		8980781D2688D7A9001EBACB /* EmojiMemoryGame.swift */ = {isa = PBXFileReference; lastKnownFileType = sourcecode.swift; path = EmojiMemoryGame.swift; sourceTree = "<group>"; };
		89836CDB268C051700F1AAFE /* MemorizeApp.swift */ = {isa = PBXFileReference; lastKnownFileType = sourcecode.swift; path = MemorizeApp.swift; sourceTree = "<group>"; };
/* End PBXFileReference section */

/* Begin PBXFrameworksBuildPhase section */
		890826FF2686FBA600A8E288 /* Frameworks */ = {
			isa = PBXFrameworksBuildPhase;
			buildActionMask = 2147483647;
			files = (
			);
			runOnlyForDeploymentPostprocessing = 0;
		};
/* End PBXFrameworksBuildPhase section */

/* Begin PBXGroup section */
		890826F92686FBA600A8E288 = {
			isa = PBXGroup;
			children = (
				890827042686FBA600A8E288 /* SwiftUI-Stanford-2021 */,
				890827032686FBA600A8E288 /* Products */,
			);
			sourceTree = "<group>";
		};
		890827032686FBA600A8E288 /* Products */ = {
			isa = PBXGroup;
			children = (
				890827022686FBA600A8E288 /* SwiftUI-Stanford-2021.app */,
			);
			name = Products;
			sourceTree = "<group>";
		};
		890827042686FBA600A8E288 /* SwiftUI-Stanford-2021 */ = {
			isa = PBXGroup;
			children = (
				8980781B2688D532001EBACB /* MemoryGame.swift */,
				8980781D2688D7A9001EBACB /* EmojiMemoryGame.swift */,
				890827092686FBA600A8E288 /* ContentView.swift */,
				89836CDB268C051700F1AAFE /* MemorizeApp.swift */,
				890827052686FBA600A8E288 /* AppDelegate.swift */,
				890827072686FBA600A8E288 /* SceneDelegate.swift */,
				8908270B2686FBA700A8E288 /* Assets.xcassets */,
				890827102686FBA700A8E288 /* LaunchScreen.storyboard */,
				890827132686FBA700A8E288 /* Info.plist */,
				8908270D2686FBA700A8E288 /* Preview Content */,
			);
			path = "SwiftUI-Stanford-2021";
			sourceTree = "<group>";
		};
		8908270D2686FBA700A8E288 /* Preview Content */ = {
			isa = PBXGroup;
			children = (
				8908270E2686FBA700A8E288 /* Preview Assets.xcassets */,
			);
			path = "Preview Content";
			sourceTree = "<group>";
		};
/* End PBXGroup section */

/* Begin PBXNativeTarget section */
		890827012686FBA600A8E288 /* SwiftUI-Stanford-2021 */ = {
			isa = PBXNativeTarget;
			buildConfigurationList = 890827162686FBA700A8E288 /* Build configuration list for PBXNativeTarget "SwiftUI-Stanford-2021" */;
			buildPhases = (
				890826FE2686FBA600A8E288 /* Sources */,
				890826FF2686FBA600A8E288 /* Frameworks */,
				890827002686FBA600A8E288 /* Resources */,
			);
			buildRules = (
			);
			dependencies = (
			);
			name = "SwiftUI-Stanford-2021";
			productName = "SwiftUI-Stanford-2021";
			productReference = 890827022686FBA600A8E288 /* SwiftUI-Stanford-2021.app */;
			productType = "com.apple.product-type.application";
		};
/* End PBXNativeTarget section */

/* Begin PBXProject section */
		890826FA2686FBA600A8E288 /* Project object */ = {
			isa = PBXProject;
			attributes = {
				LastSwiftUpdateCheck = 1250;
				LastUpgradeCheck = 1250;
				TargetAttributes = {
					890827012686FBA600A8E288 = {
						CreatedOnToolsVersion = 12.5.1;
					};
				};
			};
			buildConfigurationList = 890826FD2686FBA600A8E288 /* Build configuration list for PBXProject "SwiftUI-Stanford-2021" */;
			compatibilityVersion = "Xcode 9.3";
			developmentRegion = en;
			hasScannedForEncodings = 0;
			knownRegions = (
				en,
				Base,
			);
			mainGroup = 890826F92686FBA600A8E288;
			productRefGroup = 890827032686FBA600A8E288 /* Products */;
			projectDirPath = "";
			projectRoot = "";
			targets = (
				890827012686FBA600A8E288 /* SwiftUI-Stanford-2021 */,
			);
		};
/* End PBXProject section */

/* Begin PBXResourcesBuildPhase section */
		890827002686FBA600A8E288 /* Resources */ = {
			isa = PBXResourcesBuildPhase;
			buildActionMask = 2147483647;
			files = (
				890827122686FBA700A8E288 /* LaunchScreen.storyboard in Resources */,
				8908270F2686FBA700A8E288 /* Preview Assets.xcassets in Resources */,
				8908270C2686FBA700A8E288 /* Assets.xcassets in Resources */,
			);
			runOnlyForDeploymentPostprocessing = 0;
		};
/* End PBXResourcesBuildPhase section */

/* Begin PBXSourcesBuildPhase section */
		890826FE2686FBA600A8E288 /* Sources */ = {
			isa = PBXSourcesBuildPhase;
			buildActionMask = 2147483647;
			files = (
				890827062686FBA600A8E288 /* AppDelegate.swift in Sources */,
				890827082686FBA600A8E288 /* SceneDelegate.swift in Sources */,
				8980781C2688D532001EBACB /* MemoryGame.swift in Sources */,
				8908270A2686FBA600A8E288 /* ContentView.swift in Sources */,
				8980781E2688D7A9001EBACB /* EmojiMemoryGame.swift in Sources */,
				89836CDC268C051700F1AAFE /* MemorizeApp.swift in Sources */,
			);
			runOnlyForDeploymentPostprocessing = 0;
		};
/* End PBXSourcesBuildPhase section */

/* Begin PBXVariantGroup section */
		890827102686FBA700A8E288 /* LaunchScreen.storyboard */ = {
			isa = PBXVariantGroup;
			children = (
				890827112686FBA700A8E288 /* Base */,
			);
			name = LaunchScreen.storyboard;
			sourceTree = "<group>";
		};
/* End PBXVariantGroup section */

/* Begin XCBuildConfiguration section */
		890827142686FBA700A8E288 /* Debug */ = {
			isa = XCBuildConfiguration;
			buildSettings = {
				ALWAYS_SEARCH_USER_PATHS = NO;
				CLANG_ANALYZER_NONNULL = YES;
				CLANG_ANALYZER_NUMBER_OBJECT_CONVERSION = YES_AGGRESSIVE;
				CLANG_CXX_LANGUAGE_STANDARD = "gnu++14";
				CLANG_CXX_LIBRARY = "libc++";
				CLANG_ENABLE_MODULES = YES;
				CLANG_ENABLE_OBJC_ARC = YES;
				CLANG_ENABLE_OBJC_WEAK = YES;
				CLANG_WARN_BLOCK_CAPTURE_AUTORELEASING = YES;
				CLANG_WARN_BOOL_CONVERSION = YES;
				CLANG_WARN_COMMA = YES;
				CLANG_WARN_CONSTANT_CONVERSION = YES;
				CLANG_WARN_DEPRECATED_OBJC_IMPLEMENTATIONS = YES;
				CLANG_WARN_DIRECT_OBJC_ISA_USAGE = YES_ERROR;
				CLANG_WARN_DOCUMENTATION_COMMENTS = YES;
				CLANG_WARN_EMPTY_BODY = YES;
				CLANG_WARN_ENUM_CONVERSION = YES;
				CLANG_WARN_INFINITE_RECURSION = YES;
				CLANG_WARN_INT_CONVERSION = YES;
				CLANG_WARN_NON_LITERAL_NULL_CONVERSION = YES;
				CLANG_WARN_OBJC_IMPLICIT_RETAIN_SELF = YES;
				CLANG_WARN_OBJC_LITERAL_CONVERSION = YES;
				CLANG_WARN_OBJC_ROOT_CLASS = YES_ERROR;
				CLANG_WARN_QUOTED_INCLUDE_IN_FRAMEWORK_HEADER = YES;
				CLANG_WARN_RANGE_LOOP_ANALYSIS = YES;
				CLANG_WARN_STRICT_PROTOTYPES = YES;
				CLANG_WARN_SUSPICIOUS_MOVE = YES;
				CLANG_WARN_UNGUARDED_AVAILABILITY = YES_AGGRESSIVE;
				CLANG_WARN_UNREACHABLE_CODE = YES;
				CLANG_WARN__DUPLICATE_METHOD_MATCH = YES;
				COPY_PHASE_STRIP = NO;
				DEBUG_INFORMATION_FORMAT = dwarf;
				ENABLE_STRICT_OBJC_MSGSEND = YES;
				ENABLE_TESTABILITY = YES;
				GCC_C_LANGUAGE_STANDARD = gnu11;
				GCC_DYNAMIC_NO_PIC = NO;
				GCC_NO_COMMON_BLOCKS = YES;
				GCC_OPTIMIZATION_LEVEL = 0;
				GCC_PREPROCESSOR_DEFINITIONS = (
					"DEBUG=1",
					"$(inherited)",
				);
				GCC_WARN_64_TO_32_BIT_CONVERSION = YES;
				GCC_WARN_ABOUT_RETURN_TYPE = YES_ERROR;
				GCC_WARN_UNDECLARED_SELECTOR = YES;
				GCC_WARN_UNINITIALIZED_AUTOS = YES_AGGRESSIVE;
				GCC_WARN_UNUSED_FUNCTION = YES;
				GCC_WARN_UNUSED_VARIABLE = YES;
				IPHONEOS_DEPLOYMENT_TARGET = 14.5;
				MTL_ENABLE_DEBUG_INFO = INCLUDE_SOURCE;
				MTL_FAST_MATH = YES;
				ONLY_ACTIVE_ARCH = YES;
				SDKROOT = iphoneos;
				SWIFT_ACTIVE_COMPILATION_CONDITIONS = DEBUG;
				SWIFT_OPTIMIZATION_LEVEL = "-Onone";
			};
			name = Debug;
		};
		890827152686FBA700A8E288 /* Release */ = {
			isa = XCBuildConfiguration;
			buildSettings = {
				ALWAYS_SEARCH_USER_PATHS = NO;
				CLANG_ANALYZER_NONNULL = YES;
				CLANG_ANALYZER_NUMBER_OBJECT_CONVERSION = YES_AGGRESSIVE;
				CLANG_CXX_LANGUAGE_STANDARD = "gnu++14";
				CLANG_CXX_LIBRARY = "libc++";
				CLANG_ENABLE_MODULES = YES;
				CLANG_ENABLE_OBJC_ARC = YES;
				CLANG_ENABLE_OBJC_WEAK = YES;
				CLANG_WARN_BLOCK_CAPTURE_AUTORELEASING = YES;
				CLANG_WARN_BOOL_CONVERSION = YES;
				CLANG_WARN_COMMA = YES;
				CLANG_WARN_CONSTANT_CONVERSION = YES;
				CLANG_WARN_DEPRECATED_OBJC_IMPLEMENTATIONS = YES;
				CLANG_WARN_DIRECT_OBJC_ISA_USAGE = YES_ERROR;
				CLANG_WARN_DOCUMENTATION_COMMENTS = YES;
				CLANG_WARN_EMPTY_BODY = YES;
				CLANG_WARN_ENUM_CONVERSION = YES;
				CLANG_WARN_INFINITE_RECURSION = YES;
				CLANG_WARN_INT_CONVERSION = YES;
				CLANG_WARN_NON_LITERAL_NULL_CONVERSION = YES;
				CLANG_WARN_OBJC_IMPLICIT_RETAIN_SELF = YES;
				CLANG_WARN_OBJC_LITERAL_CONVERSION = YES;
				CLANG_WARN_OBJC_ROOT_CLASS = YES_ERROR;
				CLANG_WARN_QUOTED_INCLUDE_IN_FRAMEWORK_HEADER = YES;
				CLANG_WARN_RANGE_LOOP_ANALYSIS = YES;
				CLANG_WARN_STRICT_PROTOTYPES = YES;
				CLANG_WARN_SUSPICIOUS_MOVE = YES;
				CLANG_WARN_UNGUARDED_AVAILABILITY = YES_AGGRESSIVE;
				CLANG_WARN_UNREACHABLE_CODE = YES;
				CLANG_WARN__DUPLICATE_METHOD_MATCH = YES;
				COPY_PHASE_STRIP = NO;
				DEBUG_INFORMATION_FORMAT = "dwarf-with-dsym";
				ENABLE_NS_ASSERTIONS = NO;
				ENABLE_STRICT_OBJC_MSGSEND = YES;
				GCC_C_LANGUAGE_STANDARD = gnu11;
				GCC_NO_COMMON_BLOCKS = YES;
				GCC_WARN_64_TO_32_BIT_CONVERSION = YES;
				GCC_WARN_ABOUT_RETURN_TYPE = YES_ERROR;
				GCC_WARN_UNDECLARED_SELECTOR = YES;
				GCC_WARN_UNINITIALIZED_AUTOS = YES_AGGRESSIVE;
				GCC_WARN_UNUSED_FUNCTION = YES;
				GCC_WARN_UNUSED_VARIABLE = YES;
				IPHONEOS_DEPLOYMENT_TARGET = 14.5;
				MTL_ENABLE_DEBUG_INFO = NO;
				MTL_FAST_MATH = YES;
				SDKROOT = iphoneos;
				SWIFT_COMPILATION_MODE = wholemodule;
				SWIFT_OPTIMIZATION_LEVEL = "-O";
				VALIDATE_PRODUCT = YES;
			};
			name = Release;
		};
		890827172686FBA700A8E288 /* Debug */ = {
			isa = XCBuildConfiguration;
			buildSettings = {
				ASSETCATALOG_COMPILER_APPICON_NAME = AppIcon;
				ASSETCATALOG_COMPILER_GLOBAL_ACCENT_COLOR_NAME = AccentColor;
				CODE_SIGN_STYLE = Automatic;
				DEVELOPMENT_ASSET_PATHS = "\"SwiftUI-Stanford-2021/Preview Content\"";
				DEVELOPMENT_TEAM = TG22ZHQ59G;
				ENABLE_PREVIEWS = YES;
				INFOPLIST_FILE = "SwiftUI-Stanford-2021/Info.plist";
				LD_RUNPATH_SEARCH_PATHS = (
					"$(inherited)",
					"@executable_path/Frameworks",
				);
				PRODUCT_BUNDLE_IDENTIFIER = "jbK.SwiftUI-Stanford-2021";
				PRODUCT_NAME = "$(TARGET_NAME)";
				SWIFT_VERSION = 5.0;
				TARGETED_DEVICE_FAMILY = "1,2";
			};
			name = Debug;
		};
		890827182686FBA700A8E288 /* Release */ = {
			isa = XCBuildConfiguration;
			buildSettings = {
				ASSETCATALOG_COMPILER_APPICON_NAME = AppIcon;
				ASSETCATALOG_COMPILER_GLOBAL_ACCENT_COLOR_NAME = AccentColor;
				CODE_SIGN_STYLE = Automatic;
				DEVELOPMENT_ASSET_PATHS = "\"SwiftUI-Stanford-2021/Preview Content\"";
				DEVELOPMENT_TEAM = TG22ZHQ59G;
				ENABLE_PREVIEWS = YES;
				INFOPLIST_FILE = "SwiftUI-Stanford-2021/Info.plist";
				LD_RUNPATH_SEARCH_PATHS = (
					"$(inherited)",
					"@executable_path/Frameworks",
				);
				PRODUCT_BUNDLE_IDENTIFIER = "jbK.SwiftUI-Stanford-2021";
				PRODUCT_NAME = "$(TARGET_NAME)";
				SWIFT_VERSION = 5.0;
				TARGETED_DEVICE_FAMILY = "1,2";
			};
			name = Release;
		};
/* End XCBuildConfiguration section */

/* Begin XCConfigurationList section */
		890826FD2686FBA600A8E288 /* Build configuration list for PBXProject "SwiftUI-Stanford-2021" */ = {
			isa = XCConfigurationList;
			buildConfigurations = (
				890827142686FBA700A8E288 /* Debug */,
				890827152686FBA700A8E288 /* Release */,
			);
			defaultConfigurationIsVisible = 0;
			defaultConfigurationName = Release;
		};
		890827162686FBA700A8E288 /* Build configuration list for PBXNativeTarget "SwiftUI-Stanford-2021" */ = {
			isa = XCConfigurationList;
			buildConfigurations = (
				890827172686FBA700A8E288 /* Debug */,
				890827182686FBA700A8E288 /* Release */,
			);
			defaultConfigurationIsVisible = 0;
			defaultConfigurationName = Release;
		};
/* End XCConfigurationList section */
	};
	rootObject = 890826FA2686FBA600A8E288 /* Project object */;
}
